
Microsoft Visual Studio Solution File, Format Version 12.00
# Visual Studio Version 16
VisualStudioVersion = 16.0.30114.105
MinimumVisualStudioVersion = 10.0.40219.1
Project("{2150E333-8FDC-42A3-9474-1A3956D46DE8}") = "src", "src", "{A667D094-9CBF-4CE7-BA3A-2B828C49BF86}"
EndProject
Project("{FAE04EC0-301F-11D3-BF4B-00C04F79EFBC}") = "Managers.RecipeManagementService", "src\Managers.RecipeManagementService\Managers.RecipeManagementService.csproj", "{2532042A-6D97-47E2-A794-290EB89C2420}"
EndProject
Global
	GlobalSection(SolutionConfigurationPlatforms) = preSolution
		Debug|Any CPU = Debug|Any CPU
		Release|Any CPU = Release|Any CPU
	EndGlobalSection
	GlobalSection(SolutionProperties) = preSolution
		HideSolutionNode = FALSE
	EndGlobalSection
	GlobalSection(ProjectConfigurationPlatforms) = postSolution
		{2532042A-6D97-47E2-A794-290EB89C2420}.Debug|Any CPU.ActiveCfg = Debug|Any CPU
		{2532042A-6D97-47E2-A794-290EB89C2420}.Debug|Any CPU.Build.0 = Debug|Any CPU
		{2532042A-6D97-47E2-A794-290EB89C2420}.Release|Any CPU.ActiveCfg = Release|Any CPU
		{2532042A-6D97-47E2-A794-290EB89C2420}.Release|Any CPU.Build.0 = Release|Any CPU
	EndGlobalSection
	GlobalSection(NestedProjects) = preSolution
		{2532042A-6D97-47E2-A794-290EB89C2420} = {A667D094-9CBF-4CE7-BA3A-2B828C49BF86}
	EndGlobalSection
EndGlobal
